PODS:
  - Alamofire (3.5.0)
  - AlamofireImage (2.5.0):
    - Alamofire (~> 3.5)
  - DGElasticPullToRefresh (1.0.3)
  - IQKeyboardManagerSwift (4.0.5)
  - Material (1.42.9)
  - Realm (1.1.0):
    - Realm/Headers (= 1.1.0)
  - Realm/Headers (1.1.0)
  - RealmSwift (1.1.0):
    - Realm (= 1.1.0)
  - RxBlocking (2.6.0):
    - RxSwift (~> 2.5)
  - RxCocoa (2.6.0):
    - RxSwift (~> 2.5)
  - RxSwift (2.6.0)
  - RxTests (2.6.0):
    - RxSwift (~> 2.5)
  - SwiftyJSON (2.3.2)
  - Swinject (1.1.4)

DEPENDENCIES:
  - Alamofire (~> 3.5)
  - AlamofireImage (~> 2.0)
  - DGElasticPullToRefresh (~> 1.0.3)
  - IQKeyboardManagerSwift (= 4.0.5)
  - Material (from `https://github.com/CosmicMind/Material.git`, branch `swift-2.3`)
  - RealmSwift
  - RxBlocking
  - RxCocoa
  - RxSwift
  - RxTests
  - SwiftyJSON (~> 2.3.2)
  - Swinject

EXTERNAL SOURCES:
  Material:
    :branch: swift-2.3
    :git: https://github.com/CosmicMind/Material.git

CHECKOUT OPTIONS:
  Material:
    :commit: 485b3a7346f53425b36c00be1b2852857bf0aae9
    :git: https://github.com/CosmicMind/Material.git

SPEC CHECKSUMS:
  Alamofire: b70a7352335f8ea5babd0a923eb7e8eacc67b877
  AlamofireImage: 2d34936e5201270bb17a316a786e90e83b4a249d
  DGElasticPullToRefresh: 040f39ae69840b3261d163fe6735c5901bf851e9
  IQKeyboardManagerSwift: 41fd3a45a2cdb2a0e031af697708a95b865068a1
  Material: a84ed893b7785f0d3c8d568e88c055f82b436473
  Realm: ceecf1a4540c4ce9efe196fe73fa9855bce05bd8
  RealmSwift: 838058b2db95b12cb86bd0cf209df642c33fb60a
  RxBlocking: f2e0a7e74d5e9d3029d2b1118e2af01f583fbdd8
  RxCocoa: 89ab00d5753502520227940e3a0e0a0413683c6b
  RxSwift: 77f3a0b15324baa7a1c9bfa9f199648a82424e26
  RxTests: cdcc379c70e80089a8bc2c99515223339d1c3b81
  SwiftyJSON: 04ccea08915aa0109039157c7974cf0298da292a
  Swinject: 8863ebff588a8574f1bc9af8a6abed11389865f7

PODFILE CHECKSUM: cfa0bb951f9c1a5b345c0872c5a61ed522b524c4

COCOAPODS: 1.0.1
