// !$*UTF8*$!
{
	archiveVersion = 1;
	classes = {
	};
	objectVersion = 46;
	objects = {

/* Begin PBXBuildFile section */
		579E6660D79C3E4A94FF4D13 /* Pods_View_ViewTests.framework in Frameworks */ = {isa = PBXBuildFile; fileRef = 5A5C7D92A40D1CE1DA8CFDEB /* Pods_View_ViewTests.framework */; };
		719C874711AA84C35910A74F /* Pods_View_ViewUITests.framework in Frameworks */ = {isa = PBXBuildFile; fileRef = 063CFC79912298B831FE7B86 /* Pods_View_ViewUITests.framework */; };
		816A0666D3FC8EB392A7CA3C /* Pods_View.framework in Frameworks */ = {isa = PBXBuildFile; fileRef = ACE0D97B8E575B8C2213F1E9 /* Pods_View.framework */; };
		FB933D7E1D9ABB3800DBBF10 /* AppDelegate.swift in Sources */ = {isa = PBXBuildFile; fileRef = FB933D7D1D9ABB3800DBBF10 /* AppDelegate.swift */; };
		FB933D931D9ABB3800DBBF10 /* ViewTests.swift in Sources */ = {isa = PBXBuildFile; fileRef = FB933D921D9ABB3800DBBF10 /* ViewTests.swift */; };
		FB933D9E1D9ABB3800DBBF10 /* ViewUITests.swift in Sources */ = {isa = PBXBuildFile; fileRef = FB933D9D1D9ABB3800DBBF10 /* ViewUITests.swift */; };
		FB933EE41D9AC38A00DBBF10 /* Assets.xcassets in Resources */ = {isa = PBXBuildFile; fileRef = FB933EDA1D9AC38A00DBBF10 /* Assets.xcassets */; };
		FB933EE51D9AC38A00DBBF10 /* LaunchScreen.storyboard in Resources */ = {isa = PBXBuildFile; fileRef = FB933EDC1D9AC38A00DBBF10 /* LaunchScreen.storyboard */; };
		FB933EE61D9AC38A00DBBF10 /* Main.storyboard in Resources */ = {isa = PBXBuildFile; fileRef = FB933EDD1D9AC38A00DBBF10 /* Main.storyboard */; };
		FB933EE71D9AC38A00DBBF10 /* MenuViewController.swift in Sources */ = {isa = PBXBuildFile; fileRef = FB933EDF1D9AC38A00DBBF10 /* MenuViewController.swift */; };
		FB933EE81D9AC38A00DBBF10 /* RestaurantViewController.swift in Sources */ = {isa = PBXBuildFile; fileRef = FB933EE01D9AC38A00DBBF10 /* RestaurantViewController.swift */; };
		FB933EE91D9AC38A00DBBF10 /* RootViewController.swift in Sources */ = {isa = PBXBuildFile; fileRef = FB933EE11D9AC38A00DBBF10 /* RootViewController.swift */; };
		FB933EEA1D9AC38A00DBBF10 /* SignInViewController.swift in Sources */ = {isa = PBXBuildFile; fileRef = FB933EE21D9AC38A00DBBF10 /* SignInViewController.swift */; };
		FB933EEB1D9AC38A00DBBF10 /* SignUpViewController.swift in Sources */ = {isa = PBXBuildFile; fileRef = FB933EE31D9AC38A00DBBF10 /* SignUpViewController.swift */; };
		FB933EF31D9AC3C300DBBF10 /* BaseTableViewCell.swift in Sources */ = {isa = PBXBuildFile; fileRef = FB933EED1D9AC3C300DBBF10 /* BaseTableViewCell.swift */; };
		FB933EF41D9AC3C300DBBF10 /* RestaurantCell.swift in Sources */ = {isa = PBXBuildFile; fileRef = FB933EEE1D9AC3C300DBBF10 /* RestaurantCell.swift */; };
		FB933EF51D9AC3C300DBBF10 /* View+SwinjectStoryboard.swift in Sources */ = {isa = PBXBuildFile; fileRef = FB933EF01D9AC3C300DBBF10 /* View+SwinjectStoryboard.swift */; };
		FB933EF61D9AC3C300DBBF10 /* View+UIColor.swift in Sources */ = {isa = PBXBuildFile; fileRef = FB933EF11D9AC3C300DBBF10 /* View+UIColor.swift */; };
		FB933EF71D9AC3C300DBBF10 /* View+UITableView.swift in Sources */ = {isa = PBXBuildFile; fileRef = FB933EF21D9AC3C300DBBF10 /* View+UITableView.swift */; };
		FB933EFA1D9AC7CC00DBBF10 /* ViewModel.framework in Embed Frameworks */ = {isa = PBXBuildFile; fileRef = FB933EF81D9AC7CC00DBBF10 /* ViewModel.framework */; settings = {ATTRIBUTES = (CodeSignOnCopy, RemoveHeadersOnCopy, ); }; };
		FB933EFD1D9AC7CC00DBBF10 /* Model.framework in Embed Frameworks */ = {isa = PBXBuildFile; fileRef = FB933EFB1D9AC7CC00DBBF10 /* Model.framework */; settings = {ATTRIBUTES = (CodeSignOnCopy, RemoveHeadersOnCopy, ); }; };
/* End PBXBuildFile section */

/* Begin PBXContainerItemProxy section */
		FB933D8F1D9ABB3800DBBF10 /* PBXContainerItemProxy */ = {
			isa = PBXContainerItemProxy;
			containerPortal = FB933D721D9ABB3800DBBF10 /* Project object */;
			proxyType = 1;
			remoteGlobalIDString = FB933D791D9ABB3800DBBF10;
			remoteInfo = View;
		};
		FB933D9A1D9ABB3800DBBF10 /* PBXContainerItemProxy */ = {
			isa = PBXContainerItemProxy;
			containerPortal = FB933D721D9ABB3800DBBF10 /* Project object */;
			proxyType = 1;
			remoteGlobalIDString = FB933D791D9ABB3800DBBF10;
			remoteInfo = View;
		};
/* End PBXContainerItemProxy section */

/* Begin PBXCopyFilesBuildPhase section */
		FB933EFE1D9AC7CD00DBBF10 /* Embed Frameworks */ = {
			isa = PBXCopyFilesBuildPhase;
			buildActionMask = 2147483647;
			dstPath = "";
			dstSubfolderSpec = 10;
			files = (
				FB933EFD1D9AC7CC00DBBF10 /* Model.framework in Embed Frameworks */,
				FB933EFA1D9AC7CC00DBBF10 /* ViewModel.framework in Embed Frameworks */,
			);
			name = "Embed Frameworks";
			runOnlyForDeploymentPostprocessing = 0;
		};
/* End PBXCopyFilesBuildPhase section */

/* Begin PBXFileReference section */
		063CFC79912298B831FE7B86 /* Pods_View_ViewUITests.framework */ = {isa = PBXFileReference; explicitFileType = wrapper.framework; includeInIndex = 0; path = Pods_View_ViewUITests.framework; sourceTree = BUILT_PRODUCTS_DIR; };
		0753CDFBCF86F8CB49BB7E31 /* Pods-View.release.xcconfig */ = {isa = PBXFileReference; includeInIndex = 1; lastKnownFileType = text.xcconfig; name = "Pods-View.release.xcconfig"; path = "../Pods/Target Support Files/Pods-View/Pods-View.release.xcconfig"; sourceTree = "<group>"; };
		1EFC8235B77B6C24AB4B849D /* Pods-View-ViewTests.release.xcconfig */ = {isa = PBXFileReference; includeInIndex = 1; lastKnownFileType = text.xcconfig; name = "Pods-View-ViewTests.release.xcconfig"; path = "../Pods/Target Support Files/Pods-View-ViewTests/Pods-View-ViewTests.release.xcconfig"; sourceTree = "<group>"; };
		3D5A8715D2FE528EE3A9BDD9 /* Pods-View-ViewUITests.release.xcconfig */ = {isa = PBXFileReference; includeInIndex = 1; lastKnownFileType = text.xcconfig; name = "Pods-View-ViewUITests.release.xcconfig"; path = "../Pods/Target Support Files/Pods-View-ViewUITests/Pods-View-ViewUITests.release.xcconfig"; sourceTree = "<group>"; };
		52B1AE799B8AC910A2823A86 /* Pods-View.debug.xcconfig */ = {isa = PBXFileReference; includeInIndex = 1; lastKnownFileType = text.xcconfig; name = "Pods-View.debug.xcconfig"; path = "../Pods/Target Support Files/Pods-View/Pods-View.debug.xcconfig"; sourceTree = "<group>"; };
		5A5C7D92A40D1CE1DA8CFDEB /* Pods_View_ViewTests.framework */ = {isa = PBXFileReference; explicitFileType = wrapper.framework; includeInIndex = 0; path = Pods_View_ViewTests.framework; sourceTree = BUILT_PRODUCTS_DIR; };
		ACE0D97B8E575B8C2213F1E9 /* Pods_View.framework */ = {isa = PBXFileReference; explicitFileType = wrapper.framework; includeInIndex = 0; path = Pods_View.framework; sourceTree = BUILT_PRODUCTS_DIR; };
		B58905508612F615C81D51A4 /* Pods-View-ViewUITests.debug.xcconfig */ = {isa = PBXFileReference; includeInIndex = 1; lastKnownFileType = text.xcconfig; name = "Pods-View-ViewUITests.debug.xcconfig"; path = "../Pods/Target Support Files/Pods-View-ViewUITests/Pods-View-ViewUITests.debug.xcconfig"; sourceTree = "<group>"; };
		DF1C0D188457DF57EB1E38BC /* Pods-View-ViewTests.debug.xcconfig */ = {isa = PBXFileReference; includeInIndex = 1; lastKnownFileType = text.xcconfig; name = "Pods-View-ViewTests.debug.xcconfig"; path = "../Pods/Target Support Files/Pods-View-ViewTests/Pods-View-ViewTests.debug.xcconfig"; sourceTree = "<group>"; };
		FB933D7A1D9ABB3800DBBF10 /* View.app */ = {isa = PBXFileReference; explicitFileType = wrapper.application; includeInIndex = 0; path = View.app; sourceTree = BUILT_PRODUCTS_DIR; };
		FB933D7D1D9ABB3800DBBF10 /* AppDelegate.swift */ = {isa = PBXFileReference; lastKnownFileType = sourcecode.swift; path = AppDelegate.swift; sourceTree = "<group>"; };
		FB933D891D9ABB3800DBBF10 /* Info.plist */ = {isa = PBXFileReference; lastKnownFileType = text.plist.xml; path = Info.plist; sourceTree = "<group>"; };
		FB933D8E1D9ABB3800DBBF10 /* ViewTests.xctest */ = {isa = PBXFileReference; explicitFileType = wrapper.cfbundle; includeInIndex = 0; path = ViewTests.xctest; sourceTree = BUILT_PRODUCTS_DIR; };
		FB933D921D9ABB3800DBBF10 /* ViewTests.swift */ = {isa = PBXFileReference; lastKnownFileType = sourcecode.swift; path = ViewTests.swift; sourceTree = "<group>"; };
		FB933D941D9ABB3800DBBF10 /* Info.plist */ = {isa = PBXFileReference; lastKnownFileType = text.plist.xml; path = Info.plist; sourceTree = "<group>"; };
		FB933D991D9ABB3800DBBF10 /* ViewUITests.xctest */ = {isa = PBXFileReference; explicitFileType = wrapper.cfbundle; includeInIndex = 0; path = ViewUITests.xctest; sourceTree = BUILT_PRODUCTS_DIR; };
		FB933D9D1D9ABB3800DBBF10 /* ViewUITests.swift */ = {isa = PBXFileReference; lastKnownFileType = sourcecode.swift; path = ViewUITests.swift; sourceTree = "<group>"; };
		FB933D9F1D9ABB3800DBBF10 /* Info.plist */ = {isa = PBXFileReference; lastKnownFileType = text.plist.xml; path = Info.plist; sourceTree = "<group>"; };
		FB933EDA1D9AC38A00DBBF10 /* Assets.xcassets */ = {isa = PBXFileReference; lastKnownFileType = folder.assetcatalog; path = Assets.xcassets; sourceTree = "<group>"; };
		FB933EDC1D9AC38A00DBBF10 /* LaunchScreen.storyboard */ = {isa = PBXFileReference; fileEncoding = 4; lastKnownFileType = file.storyboard; path = LaunchScreen.storyboard; sourceTree = "<group>"; };
		FB933EDD1D9AC38A00DBBF10 /* Main.storyboard */ = {isa = PBXFileReference; fileEncoding = 4; lastKnownFileType = file.storyboard; path = Main.storyboard; sourceTree = "<group>"; };
		FB933EDF1D9AC38A00DBBF10 /* MenuViewController.swift */ = {isa = PBXFileReference; fileEncoding = 4; lastKnownFileType = sourcecode.swift; path = MenuViewController.swift; sourceTree = "<group>"; };
		FB933EE01D9AC38A00DBBF10 /* RestaurantViewController.swift */ = {isa = PBXFileReference; fileEncoding = 4; lastKnownFileType = sourcecode.swift; path = RestaurantViewController.swift; sourceTree = "<group>"; };
		FB933EE11D9AC38A00DBBF10 /* RootViewController.swift */ = {isa = PBXFileReference; fileEncoding = 4; lastKnownFileType = sourcecode.swift; path = RootViewController.swift; sourceTree = "<group>"; };
		FB933EE21D9AC38A00DBBF10 /* SignInViewController.swift */ = {isa = PBXFileReference; fileEncoding = 4; lastKnownFileType = sourcecode.swift; path = SignInViewController.swift; sourceTree = "<group>"; };
		FB933EE31D9AC38A00DBBF10 /* SignUpViewController.swift */ = {isa = PBXFileReference; fileEncoding = 4; lastKnownFileType = sourcecode.swift; path = SignUpViewController.swift; sourceTree = "<group>"; };
		FB933EED1D9AC3C300DBBF10 /* BaseTableViewCell.swift */ = {isa = PBXFileReference; fileEncoding = 4; lastKnownFileType = sourcecode.swift; path = BaseTableViewCell.swift; sourceTree = "<group>"; };
		FB933EEE1D9AC3C300DBBF10 /* RestaurantCell.swift */ = {isa = PBXFileReference; fileEncoding = 4; lastKnownFileType = sourcecode.swift; path = RestaurantCell.swift; sourceTree = "<group>"; };
		FB933EF01D9AC3C300DBBF10 /* View+SwinjectStoryboard.swift */ = {isa = PBXFileReference; fileEncoding = 4; lastKnownFileType = sourcecode.swift; path = "View+SwinjectStoryboard.swift"; sourceTree = "<group>"; };
		FB933EF11D9AC3C300DBBF10 /* View+UIColor.swift */ = {isa = PBXFileReference; fileEncoding = 4; lastKnownFileType = sourcecode.swift; path = "View+UIColor.swift"; sourceTree = "<group>"; };
		FB933EF21D9AC3C300DBBF10 /* View+UITableView.swift */ = {isa = PBXFileReference; fileEncoding = 4; lastKnownFileType = sourcecode.swift; path = "View+UITableView.swift"; sourceTree = "<group>"; };
		FB933EF81D9AC7CC00DBBF10 /* ViewModel.framework */ = {isa = PBXFileReference; explicitFileType = wrapper.framework; path = ViewModel.framework; sourceTree = BUILT_PRODUCTS_DIR; };
		FB933EFB1D9AC7CC00DBBF10 /* Model.framework */ = {isa = PBXFileReference; explicitFileType = wrapper.framework; path = Model.framework; sourceTree = BUILT_PRODUCTS_DIR; };
/* End PBXFileReference section */

/* Begin PBXFrameworksBuildPhase section */
		FB933D771D9ABB3800DBBF10 /* Frameworks */ = {
			isa = PBXFrameworksBuildPhase;
			buildActionMask = 2147483647;
			files = (
				816A0666D3FC8EB392A7CA3C /* Pods_View.framework in Frameworks */,
			);
			runOnlyForDeploymentPostprocessing = 0;
		};
		FB933D8B1D9ABB3800DBBF10 /* Frameworks */ = {
			isa = PBXFrameworksBuildPhase;
			buildActionMask = 2147483647;
			files = (
				579E6660D79C3E4A94FF4D13 /* Pods_View_ViewTests.framework in Frameworks */,
			);
			runOnlyForDeploymentPostprocessing = 0;
		};
		FB933D961D9ABB3800DBBF10 /* Frameworks */ = {
			isa = PBXFrameworksBuildPhase;
			buildActionMask = 2147483647;
			files = (
				719C874711AA84C35910A74F /* Pods_View_ViewUITests.framework in Frameworks */,
			);
			runOnlyForDeploymentPostprocessing = 0;
		};
/* End PBXFrameworksBuildPhase section */

/* Begin PBXGroup section */
		7EC2EDCF513F52A00A50340D /* Frameworks */ = {
			isa = PBXGroup;
			children = (
				FB933EFB1D9AC7CC00DBBF10 /* Model.framework */,
				FB933EF81D9AC7CC00DBBF10 /* ViewModel.framework */,
				ACE0D97B8E575B8C2213F1E9 /* Pods_View.framework */,
				5A5C7D92A40D1CE1DA8CFDEB /* Pods_View_ViewTests.framework */,
				063CFC79912298B831FE7B86 /* Pods_View_ViewUITests.framework */,
			);
			name = Frameworks;
			sourceTree = "<group>";
		};
		EDCCB758EAE85DA24CEA2441 /* Pods */ = {
			isa = PBXGroup;
			children = (
				52B1AE799B8AC910A2823A86 /* Pods-View.debug.xcconfig */,
				0753CDFBCF86F8CB49BB7E31 /* Pods-View.release.xcconfig */,
				DF1C0D188457DF57EB1E38BC /* Pods-View-ViewTests.debug.xcconfig */,
				1EFC8235B77B6C24AB4B849D /* Pods-View-ViewTests.release.xcconfig */,
				B58905508612F615C81D51A4 /* Pods-View-ViewUITests.debug.xcconfig */,
				3D5A8715D2FE528EE3A9BDD9 /* Pods-View-ViewUITests.release.xcconfig */,
			);
			name = Pods;
			sourceTree = "<group>";
		};
		FB933D711D9ABB3800DBBF10 = {
			isa = PBXGroup;
			children = (
				FB933D7C1D9ABB3800DBBF10 /* View */,
				FB933D911D9ABB3800DBBF10 /* ViewTests */,
				FB933D9C1D9ABB3800DBBF10 /* ViewUITests */,
				FB933D7B1D9ABB3800DBBF10 /* Products */,
				EDCCB758EAE85DA24CEA2441 /* Pods */,
				7EC2EDCF513F52A00A50340D /* Frameworks */,
			);
			sourceTree = "<group>";
		};
		FB933D7B1D9ABB3800DBBF10 /* Products */ = {
			isa = PBXGroup;
			children = (
				FB933D7A1D9ABB3800DBBF10 /* View.app */,
				FB933D8E1D9ABB3800DBBF10 /* ViewTests.xctest */,
				FB933D991D9ABB3800DBBF10 /* ViewUITests.xctest */,
			);
			name = Products;
			sourceTree = "<group>";
		};
		FB933D7C1D9ABB3800DBBF10 /* View */ = {
			isa = PBXGroup;
			children = (
				FB933ED91D9AC38A00DBBF10 /* Resource */,
				FB933EEF1D9AC3C300DBBF10 /* Extension */,
				FB933EEC1D9AC3C300DBBF10 /* Cell */,
				FB933EDE1D9AC38A00DBBF10 /* ViewController */,
				FB933D7D1D9ABB3800DBBF10 /* AppDelegate.swift */,
				FB933D891D9ABB3800DBBF10 /* Info.plist */,
			);
			path = View;
			sourceTree = "<group>";
		};
		FB933D911D9ABB3800DBBF10 /* ViewTests */ = {
			isa = PBXGroup;
			children = (
				FB933D921D9ABB3800DBBF10 /* ViewTests.swift */,
				FB933D941D9ABB3800DBBF10 /* Info.plist */,
			);
			path = ViewTests;
			sourceTree = "<group>";
		};
		FB933D9C1D9ABB3800DBBF10 /* ViewUITests */ = {
			isa = PBXGroup;
			children = (
				FB933D9D1D9ABB3800DBBF10 /* ViewUITests.swift */,
				FB933D9F1D9ABB3800DBBF10 /* Info.plist */,
			);
			path = ViewUITests;
			sourceTree = "<group>";
		};
		FB933ED91D9AC38A00DBBF10 /* Resource */ = {
			isa = PBXGroup;
			children = (
				FB933EDB1D9AC38A00DBBF10 /* Storyboard */,
				FB933EDA1D9AC38A00DBBF10 /* Assets.xcassets */,
			);
			path = Resource;
			sourceTree = "<group>";
		};
		FB933EDB1D9AC38A00DBBF10 /* Storyboard */ = {
			isa = PBXGroup;
			children = (
				FB933EDC1D9AC38A00DBBF10 /* LaunchScreen.storyboard */,
				FB933EDD1D9AC38A00DBBF10 /* Main.storyboard */,
			);
			path = Storyboard;
			sourceTree = "<group>";
		};
		FB933EDE1D9AC38A00DBBF10 /* ViewController */ = {
			isa = PBXGroup;
			children = (
				FB933EDF1D9AC38A00DBBF10 /* MenuViewController.swift */,
				FB933EE01D9AC38A00DBBF10 /* RestaurantViewController.swift */,
				FB933EE11D9AC38A00DBBF10 /* RootViewController.swift */,
				FB933EE21D9AC38A00DBBF10 /* SignInViewController.swift */,
				FB933EE31D9AC38A00DBBF10 /* SignUpViewController.swift */,
			);
			path = ViewController;
			sourceTree = "<group>";
		};
		FB933EEC1D9AC3C300DBBF10 /* Cell */ = {
			isa = PBXGroup;
			children = (
				FB933EED1D9AC3C300DBBF10 /* BaseTableViewCell.swift */,
				FB933EEE1D9AC3C300DBBF10 /* RestaurantCell.swift */,
			);
			path = Cell;
			sourceTree = "<group>";
		};
		FB933EEF1D9AC3C300DBBF10 /* Extension */ = {
			isa = PBXGroup;
			children = (
				FB933EF01D9AC3C300DBBF10 /* View+SwinjectStoryboard.swift */,
				FB933EF11D9AC3C300DBBF10 /* View+UIColor.swift */,
				FB933EF21D9AC3C300DBBF10 /* View+UITableView.swift */,
			);
			path = Extension;
			sourceTree = "<group>";
		};
/* End PBXGroup section */

/* Begin PBXNativeTarget section */
		FB933D791D9ABB3800DBBF10 /* View */ = {
			isa = PBXNativeTarget;
			buildConfigurationList = FB933DA21D9ABB3800DBBF10 /* Build configuration list for PBXNativeTarget "View" */;
			buildPhases = (
				4F13EBC2AE3C9187E13B659A /* [CP] Check Pods Manifest.lock */,
				FB933D761D9ABB3800DBBF10 /* Sources */,
				FB933D771D9ABB3800DBBF10 /* Frameworks */,
				FB933D781D9ABB3800DBBF10 /* Resources */,
				3806D5FFF6C2AB2F8900F47F /* [CP] Embed Pods Frameworks */,
				0323E18AA171D580B87FD9FC /* [CP] Copy Pods Resources */,
				FB933EFE1D9AC7CD00DBBF10 /* Embed Frameworks */,
			);
			buildRules = (
			);
			dependencies = (
			);
			name = View;
			productName = View;
			productReference = FB933D7A1D9ABB3800DBBF10 /* View.app */;
			productType = "com.apple.product-type.application";
		};
		FB933D8D1D9ABB3800DBBF10 /* ViewTests */ = {
			isa = PBXNativeTarget;
			buildConfigurationList = FB933DA51D9ABB3800DBBF10 /* Build configuration list for PBXNativeTarget "ViewTests" */;
			buildPhases = (
				6730B8573DF7223232C82332 /* [CP] Check Pods Manifest.lock */,
				FB933D8A1D9ABB3800DBBF10 /* Sources */,
				FB933D8B1D9ABB3800DBBF10 /* Frameworks */,
				FB933D8C1D9ABB3800DBBF10 /* Resources */,
				E7E5E64A7191D5D9B9ED17FD /* [CP] Embed Pods Frameworks */,
				A1C34A2383CFEE44272C4E8E /* [CP] Copy Pods Resources */,
			);
			buildRules = (
			);
			dependencies = (
				FB933D901D9ABB3800DBBF10 /* PBXTargetDependency */,
			);
			name = ViewTests;
			productName = ViewTests;
			productReference = FB933D8E1D9ABB3800DBBF10 /* ViewTests.xctest */;
			productType = "com.apple.product-type.bundle.unit-test";
		};
		FB933D981D9ABB3800DBBF10 /* ViewUITests */ = {
			isa = PBXNativeTarget;
			buildConfigurationList = FB933DA81D9ABB3800DBBF10 /* Build configuration list for PBXNativeTarget "ViewUITests" */;
			buildPhases = (
				65609CC7AA71B5C7018DD122 /* [CP] Check Pods Manifest.lock */,
				FB933D951D9ABB3800DBBF10 /* Sources */,
				FB933D961D9ABB3800DBBF10 /* Frameworks */,
				FB933D971D9ABB3800DBBF10 /* Resources */,
				C2EB5D8B714CAE4FA8F36E09 /* [CP] Copy Pods Resources */,
			);
			buildRules = (
			);
			dependencies = (
				FB933D9B1D9ABB3800DBBF10 /* PBXTargetDependency */,
			);
			name = ViewUITests;
			productName = ViewUITests;
			productReference = FB933D991D9ABB3800DBBF10 /* ViewUITests.xctest */;
			productType = "com.apple.product-type.bundle.ui-testing";
		};
/* End PBXNativeTarget section */

/* Begin PBXProject section */
		FB933D721D9ABB3800DBBF10 /* Project object */ = {
			isa = PBXProject;
			attributes = {
				LastSwiftUpdateCheck = 0800;
				LastUpgradeCheck = 0800;
				ORGANIZATIONNAME = "TVG Soft, Inc.";
				TargetAttributes = {
					FB933D791D9ABB3800DBBF10 = {
						CreatedOnToolsVersion = 8.0;
						DevelopmentTeam = U5EH6TQUDZ;
						ProvisioningStyle = Automatic;
					};
					FB933D8D1D9ABB3800DBBF10 = {
						CreatedOnToolsVersion = 8.0;
						ProvisioningStyle = Automatic;
						TestTargetID = FB933D791D9ABB3800DBBF10;
					};
					FB933D981D9ABB3800DBBF10 = {
						CreatedOnToolsVersion = 8.0;
						ProvisioningStyle = Automatic;
						TestTargetID = FB933D791D9ABB3800DBBF10;
					};
				};
			};
			buildConfigurationList = FB933D751D9ABB3800DBBF10 /* Build configuration list for PBXProject "View" */;
			compatibilityVersion = "Xcode 3.2";
			developmentRegion = English;
			hasScannedForEncodings = 0;
			knownRegions = (
				en,
				Base,
			);
			mainGroup = FB933D711D9ABB3800DBBF10;
			productRefGroup = FB933D7B1D9ABB3800DBBF10 /* Products */;
			projectDirPath = "";
			projectRoot = "";
			targets = (
				FB933D791D9ABB3800DBBF10 /* View */,
				FB933D8D1D9ABB3800DBBF10 /* ViewTests */,
				FB933D981D9ABB3800DBBF10 /* ViewUITests */,
			);
		};
/* End PBXProject section */

/* Begin PBXResourcesBuildPhase section */
		FB933D781D9ABB3800DBBF10 /* Resources */ = {
			isa = PBXResourcesBuildPhase;
			buildActionMask = 2147483647;
			files = (
				FB933EE61D9AC38A00DBBF10 /* Main.storyboard in Resources */,
				FB933EE41D9AC38A00DBBF10 /* Assets.xcassets in Resources */,
				FB933EE51D9AC38A00DBBF10 /* LaunchScreen.storyboard in Resources */,
			);
			runOnlyForDeploymentPostprocessing = 0;
		};
		FB933D8C1D9ABB3800DBBF10 /* Resources */ = {
			isa = PBXResourcesBuildPhase;
			buildActionMask = 2147483647;
			files = (
			);
			runOnlyForDeploymentPostprocessing = 0;
		};
		FB933D971D9ABB3800DBBF10 /* Resources */ = {
			isa = PBXResourcesBuildPhase;
			buildActionMask = 2147483647;
			files = (
			);
			runOnlyForDeploymentPostprocessing = 0;
		};
/* End PBXResourcesBuildPhase section */

/* Begin PBXShellScriptBuildPhase section */
		0323E18AA171D580B87FD9FC /* [CP] Copy Pods Resources */ = {
			isa = PBXShellScriptBuildPhase;
			buildActionMask = 2147483647;
			files = (
			);
			inputPaths = (
			);
			name = "[CP] Copy Pods Resources";
			outputPaths = (
			);
			runOnlyForDeploymentPostprocessing = 0;
			shellPath = /bin/sh;
			shellScript = "\"${SRCROOT}/../Pods/Target Support Files/Pods-View/Pods-View-resources.sh\"\n";
			showEnvVarsInLog = 0;
		};
		3806D5FFF6C2AB2F8900F47F /* [CP] Embed Pods Frameworks */ = {
			isa = PBXShellScriptBuildPhase;
			buildActionMask = 2147483647;
			files = (
			);
			inputPaths = (
			);
			name = "[CP] Embed Pods Frameworks";
			outputPaths = (
			);
			runOnlyForDeploymentPostprocessing = 0;
			shellPath = /bin/sh;
			shellScript = "\"${SRCROOT}/../Pods/Target Support Files/Pods-View/Pods-View-frameworks.sh\"\n";
			showEnvVarsInLog = 0;
		};
		4F13EBC2AE3C9187E13B659A /* [CP] Check Pods Manifest.lock */ = {
			isa = PBXShellScriptBuildPhase;
			buildActionMask = 2147483647;
			files = (
			);
			inputPaths = (
			);
			name = "[CP] Check Pods Manifest.lock";
			outputPaths = (
			);
			runOnlyForDeploymentPostprocessing = 0;
			shellPath = /bin/sh;
			shellScript = "diff \"${PODS_ROOT}/../Podfile.lock\" \"${PODS_ROOT}/Manifest.lock\" > /dev/null\nif [[ $? != 0 ]] ; then\n    cat << EOM\nerror: The sandbox is not in sync with the Podfile.lock. Run 'pod install' or update your CocoaPods installation.\nEOM\n    exit 1\nfi\n";
			showEnvVarsInLog = 0;
		};
		65609CC7AA71B5C7018DD122 /* [CP] Check Pods Manifest.lock */ = {
			isa = PBXShellScriptBuildPhase;
			buildActionMask = 2147483647;
			files = (
			);
			inputPaths = (
			);
			name = "[CP] Check Pods Manifest.lock";
			outputPaths = (
			);
			runOnlyForDeploymentPostprocessing = 0;
			shellPath = /bin/sh;
			shellScript = "diff \"${PODS_ROOT}/../Podfile.lock\" \"${PODS_ROOT}/Manifest.lock\" > /dev/null\nif [[ $? != 0 ]] ; then\n    cat << EOM\nerror: The sandbox is not in sync with the Podfile.lock. Run 'pod install' or update your CocoaPods installation.\nEOM\n    exit 1\nfi\n";
			showEnvVarsInLog = 0;
		};
		6730B8573DF7223232C82332 /* [CP] Check Pods Manifest.lock */ = {
			isa = PBXShellScriptBuildPhase;
			buildActionMask = 2147483647;
			files = (
			);
			inputPaths = (
			);
			name = "[CP] Check Pods Manifest.lock";
			outputPaths = (
			);
			runOnlyForDeploymentPostprocessing = 0;
			shellPath = /bin/sh;
			shellScript = "diff \"${PODS_ROOT}/../Podfile.lock\" \"${PODS_ROOT}/Manifest.lock\" > /dev/null\nif [[ $? != 0 ]] ; then\n    cat << EOM\nerror: The sandbox is not in sync with the Podfile.lock. Run 'pod install' or update your CocoaPods installation.\nEOM\n    exit 1\nfi\n";
			showEnvVarsInLog = 0;
		};
		A1C34A2383CFEE44272C4E8E /* [CP] Copy Pods Resources */ = {
			isa = PBXShellScriptBuildPhase;
			buildActionMask = 2147483647;
			files = (
			);
			inputPaths = (
			);
			name = "[CP] Copy Pods Resources";
			outputPaths = (
			);
			runOnlyForDeploymentPostprocessing = 0;
			shellPath = /bin/sh;
			shellScript = "\"${SRCROOT}/../Pods/Target Support Files/Pods-View-ViewTests/Pods-View-ViewTests-resources.sh\"\n";
			showEnvVarsInLog = 0;
		};
		C2EB5D8B714CAE4FA8F36E09 /* [CP] Copy Pods Resources */ = {
			isa = PBXShellScriptBuildPhase;
			buildActionMask = 2147483647;
			files = (
			);
			inputPaths = (
			);
			name = "[CP] Copy Pods Resources";
			outputPaths = (
			);
			runOnlyForDeploymentPostprocessing = 0;
			shellPath = /bin/sh;
			shellScript = "\"${SRCROOT}/../Pods/Target Support Files/Pods-View-ViewUITests/Pods-View-ViewUITests-resources.sh\"\n";
			showEnvVarsInLog = 0;
		};
		E7E5E64A7191D5D9B9ED17FD /* [CP] Embed Pods Frameworks */ = {
			isa = PBXShellScriptBuildPhase;
			buildActionMask = 2147483647;
			files = (
			);
			inputPaths = (
			);
			name = "[CP] Embed Pods Frameworks";
			outputPaths = (
			);
			runOnlyForDeploymentPostprocessing = 0;
			shellPath = /bin/sh;
			shellScript = "\"${SRCROOT}/../Pods/Target Support Files/Pods-View-ViewTests/Pods-View-ViewTests-frameworks.sh\"\n";
			showEnvVarsInLog = 0;
		};
/* End PBXShellScriptBuildPhase section */

/* Begin PBXSourcesBuildPhase section */
		FB933D761D9ABB3800DBBF10 /* Sources */ = {
			isa = PBXSourcesBuildPhase;
			buildActionMask = 2147483647;
			files = (
				FB933EF71D9AC3C300DBBF10 /* View+UITableView.swift in Sources */,
				FB933EF51D9AC3C300DBBF10 /* View+SwinjectStoryboard.swift in Sources */,
				FB933EF41D9AC3C300DBBF10 /* RestaurantCell.swift in Sources */,
				FB933EF61D9AC3C300DBBF10 /* View+UIColor.swift in Sources */,
				FB933EE91D9AC38A00DBBF10 /* RootViewController.swift in Sources */,
				FB933EEB1D9AC38A00DBBF10 /* SignUpViewController.swift in Sources */,
				FB933EEA1D9AC38A00DBBF10 /* SignInViewController.swift in Sources */,
				FB933EE81D9AC38A00DBBF10 /* RestaurantViewController.swift in Sources */,
				FB933EF31D9AC3C300DBBF10 /* BaseTableViewCell.swift in Sources */,
				FB933EE71D9AC38A00DBBF10 /* MenuViewController.swift in Sources */,
				FB933D7E1D9ABB3800DBBF10 /* AppDelegate.swift in Sources */,
			);
			runOnlyForDeploymentPostprocessing = 0;
		};
		FB933D8A1D9ABB3800DBBF10 /* Sources */ = {
			isa = PBXSourcesBuildPhase;
			buildActionMask = 2147483647;
			files = (
				FB933D931D9ABB3800DBBF10 /* ViewTests.swift in Sources */,
			);
			runOnlyForDeploymentPostprocessing = 0;
		};
		FB933D951D9ABB3800DBBF10 /* Sources */ = {
			isa = PBXSourcesBuildPhase;
			buildActionMask = 2147483647;
			files = (
				FB933D9E1D9ABB3800DBBF10 /* ViewUITests.swift in Sources */,
			);
			runOnlyForDeploymentPostprocessing = 0;
		};
/* End PBXSourcesBuildPhase section */

/* Begin PBXTargetDependency section */
		FB933D901D9ABB3800DBBF10 /* PBXTargetDependency */ = {
			isa = PBXTargetDependency;
			target = FB933D791D9ABB3800DBBF10 /* View */;
			targetProxy = FB933D8F1D9ABB3800DBBF10 /* PBXContainerItemProxy */;
		};
		FB933D9B1D9ABB3800DBBF10 /* PBXTargetDependency */ = {
			isa = PBXTargetDependency;
			target = FB933D791D9ABB3800DBBF10 /* View */;
			targetProxy = FB933D9A1D9ABB3800DBBF10 /* PBXContainerItemProxy */;
		};
/* End PBXTargetDependency section */

/* Begin XCBuildConfiguration section */
		FB933DA01D9ABB3800DBBF10 /* Debug */ = {
			isa = XCBuildConfiguration;
			buildSettings = {
				ALWAYS_SEARCH_USER_PATHS = NO;
				CLANG_ANALYZER_NONNULL = YES;
				CLANG_CXX_LANGUAGE_STANDARD = "gnu++0x";
				CLANG_CXX_LIBRARY = "libc++";
				CLANG_ENABLE_MODULES = YES;
				CLANG_ENABLE_OBJC_ARC = YES;
				CLANG_WARN_BOOL_CONVERSION = YES;
				CLANG_WARN_CONSTANT_CONVERSION = YES;
				CLANG_WARN_DIRECT_OBJC_ISA_USAGE = YES_ERROR;
				CLANG_WARN_DOCUMENTATION_COMMENTS = YES;
				CLANG_WARN_EMPTY_BODY = YES;
				CLANG_WARN_ENUM_CONVERSION = YES;
				CLANG_WARN_INFINITE_RECURSION = YES;
				CLANG_WARN_INT_CONVERSION = YES;
				CLANG_WARN_OBJC_ROOT_CLASS = YES_ERROR;
				CLANG_WARN_SUSPICIOUS_MOVE = YES;
				CLANG_WARN_SUSPICIOUS_MOVES = YES;
				CLANG_WARN_UNREACHABLE_CODE = YES;
				CLANG_WARN__DUPLICATE_METHOD_MATCH = YES;
				"CODE_SIGN_IDENTITY[sdk=iphoneos*]" = "iPhone Developer";
				COPY_PHASE_STRIP = NO;
				DEBUG_INFORMATION_FORMAT = dwarf;
				ENABLE_STRICT_OBJC_MSGSEND = YES;
				ENABLE_TESTABILITY = YES;
				GCC_C_LANGUAGE_STANDARD = gnu99;
				GCC_DYNAMIC_NO_PIC = NO;
				GCC_NO_COMMON_BLOCKS = YES;
				GCC_OPTIMIZATION_LEVEL = 0;
				GCC_PREPROCESSOR_DEFINITIONS = (
					"DEBUG=1",
					"$(inherited)",
				);
				GCC_WARN_64_TO_32_BIT_CONVERSION = YES;
				GCC_WARN_ABOUT_RETURN_TYPE = YES_ERROR;
				GCC_WARN_UNDECLARED_SELECTOR = YES;
				GCC_WARN_UNINITIALIZED_AUTOS = YES_AGGRESSIVE;
				GCC_WARN_UNUSED_FUNCTION = YES;
				GCC_WARN_UNUSED_VARIABLE = YES;
				IPHONEOS_DEPLOYMENT_TARGET = 9.0;
				MTL_ENABLE_DEBUG_INFO = YES;
				ONLY_ACTIVE_ARCH = YES;
				SDKROOT = iphoneos;
				SWIFT_ACTIVE_COMPILATION_CONDITIONS = DEBUG;
				SWIFT_OPTIMIZATION_LEVEL = "-Onone";
				TARGETED_DEVICE_FAMILY = "1,2";
			};
			name = Debug;
		};
		FB933DA11D9ABB3800DBBF10 /* Release */ = {
			isa = XCBuildConfiguration;
			buildSettings = {
				ALWAYS_SEARCH_USER_PATHS = NO;
				CLANG_ANALYZER_NONNULL = YES;
				CLANG_CXX_LANGUAGE_STANDARD = "gnu++0x";
				CLANG_CXX_LIBRARY = "libc++";
				CLANG_ENABLE_MODULES = YES;
				CLANG_ENABLE_OBJC_ARC = YES;
				CLANG_WARN_BOOL_CONVERSION = YES;
				CLANG_WARN_CONSTANT_CONVERSION = YES;
				CLANG_WARN_DIRECT_OBJC_ISA_USAGE = YES_ERROR;
				CLANG_WARN_DOCUMENTATION_COMMENTS = YES;
				CLANG_WARN_EMPTY_BODY = YES;
				CLANG_WARN_ENUM_CONVERSION = YES;
				CLANG_WARN_INFINITE_RECURSION = YES;
				CLANG_WARN_INT_CONVERSION = YES;
				CLANG_WARN_OBJC_ROOT_CLASS = YES_ERROR;
				CLANG_WARN_SUSPICIOUS_MOVE = YES;
				CLANG_WARN_SUSPICIOUS_MOVES = YES;
				CLANG_WARN_UNREACHABLE_CODE = YES;
				CLANG_WARN__DUPLICATE_METHOD_MATCH = YES;
				"CODE_SIGN_IDENTITY[sdk=iphoneos*]" = "iPhone Developer";
				COPY_PHASE_STRIP = NO;
				DEBUG_INFORMATION_FORMAT = "dwarf-with-dsym";
				ENABLE_NS_ASSERTIONS = NO;
				ENABLE_STRICT_OBJC_MSGSEND = YES;
				GCC_C_LANGUAGE_STANDARD = gnu99;
				GCC_NO_COMMON_BLOCKS = YES;
				GCC_WARN_64_TO_32_BIT_CONVERSION = YES;
				GCC_WARN_ABOUT_RETURN_TYPE = YES_ERROR;
				GCC_WARN_UNDECLARED_SELECTOR = YES;
				GCC_WARN_UNINITIALIZED_AUTOS = YES_AGGRESSIVE;
				GCC_WARN_UNUSED_FUNCTION = YES;
				GCC_WARN_UNUSED_VARIABLE = YES;
				IPHONEOS_DEPLOYMENT_TARGET = 9.0;
				MTL_ENABLE_DEBUG_INFO = NO;
				SDKROOT = iphoneos;
				SWIFT_OPTIMIZATION_LEVEL = "-Owholemodule";
				TARGETED_DEVICE_FAMILY = "1,2";
				VALIDATE_PRODUCT = YES;
			};
			name = Release;
		};
		FB933DA31D9ABB3800DBBF10 /* Debug */ = {
			isa = XCBuildConfiguration;
			baseConfigurationReference = 52B1AE799B8AC910A2823A86 /* Pods-View.debug.xcconfig */;
			buildSettings = {
				ALWAYS_EMBED_SWIFT_STANDARD_LIBRARIES = YES;
				ASSETCATALOG_COMPILER_APPICON_NAME = AppIcon;
				DEVELOPMENT_TEAM = U5EH6TQUDZ;
				INFOPLIST_FILE = View/Info.plist;
				IPHONEOS_DEPLOYMENT_TARGET = 9.0;
				LD_RUNPATH_SEARCH_PATHS = "$(inherited) @executable_path/Frameworks";
				PRODUCT_BUNDLE_IDENTIFIER = com.ConnectiveLab.View;
				PRODUCT_NAME = "$(TARGET_NAME)";
				SWIFT_VERSION = 2.3;
			};
			name = Debug;
		};
		FB933DA41D9ABB3800DBBF10 /* Release */ = {
			isa = XCBuildConfiguration;
			baseConfigurationReference = 0753CDFBCF86F8CB49BB7E31 /* Pods-View.release.xcconfig */;
			buildSettings = {
				ALWAYS_EMBED_SWIFT_STANDARD_LIBRARIES = YES;
				ASSETCATALOG_COMPILER_APPICON_NAME = AppIcon;
				DEVELOPMENT_TEAM = U5EH6TQUDZ;
				INFOPLIST_FILE = View/Info.plist;
				IPHONEOS_DEPLOYMENT_TARGET = 9.0;
				LD_RUNPATH_SEARCH_PATHS = "$(inherited) @executable_path/Frameworks";
				PRODUCT_BUNDLE_IDENTIFIER = com.ConnectiveLab.View;
				PRODUCT_NAME = "$(TARGET_NAME)";
				SWIFT_VERSION = 2.3;
			};
			name = Release;
		};
		FB933DA61D9ABB3800DBBF10 /* Debug */ = {
			isa = XCBuildConfiguration;
			baseConfigurationReference = DF1C0D188457DF57EB1E38BC /* Pods-View-ViewTests.debug.xcconfig */;
			buildSettings = {
				ALWAYS_EMBED_SWIFT_STANDARD_LIBRARIES = YES;
				BUNDLE_LOADER = "$(TEST_HOST)";
				INFOPLIST_FILE = ViewTests/Info.plist;
				LD_RUNPATH_SEARCH_PATHS = "$(inherited) @executable_path/Frameworks @loader_path/Frameworks";
				PRODUCT_BUNDLE_IDENTIFIER = com.ConnectiveLab.ViewTests;
				PRODUCT_NAME = "$(TARGET_NAME)";
				SWIFT_VERSION = 3.0;
				TEST_HOST = "$(BUILT_PRODUCTS_DIR)/View.app/View";
			};
			name = Debug;
		};
		FB933DA71D9ABB3800DBBF10 /* Release */ = {
			isa = XCBuildConfiguration;
			baseConfigurationReference = 1EFC8235B77B6C24AB4B849D /* Pods-View-ViewTests.release.xcconfig */;
			buildSettings = {
				ALWAYS_EMBED_SWIFT_STANDARD_LIBRARIES = YES;
				BUNDLE_LOADER = "$(TEST_HOST)";
				INFOPLIST_FILE = ViewTests/Info.plist;
				LD_RUNPATH_SEARCH_PATHS = "$(inherited) @executable_path/Frameworks @loader_path/Frameworks";
				PRODUCT_BUNDLE_IDENTIFIER = com.ConnectiveLab.ViewTests;
				PRODUCT_NAME = "$(TARGET_NAME)";
				SWIFT_VERSION = 3.0;
				TEST_HOST = "$(BUILT_PRODUCTS_DIR)/View.app/View";
			};
			name = Release;
		};
		FB933DA91D9ABB3800DBBF10 /* Debug */ = {
			isa = XCBuildConfiguration;
			baseConfigurationReference = B58905508612F615C81D51A4 /* Pods-View-ViewUITests.debug.xcconfig */;
			buildSettings = {
				ALWAYS_EMBED_SWIFT_STANDARD_LIBRARIES = YES;
				INFOPLIST_FILE = ViewUITests/Info.plist;
				LD_RUNPATH_SEARCH_PATHS = "$(inherited) @executable_path/Frameworks @loader_path/Frameworks";
				PRODUCT_BUNDLE_IDENTIFIER = com.ConnectiveLab.ViewUITests;
				PRODUCT_NAME = "$(TARGET_NAME)";
				SWIFT_VERSION = 3.0;
				TEST_TARGET_NAME = View;
			};
			name = Debug;
		};
		FB933DAA1D9ABB3800DBBF10 /* Release */ = {
			isa = XCBuildConfiguration;
			baseConfigurationReference = 3D5A8715D2FE528EE3A9BDD9 /* Pods-View-ViewUITests.release.xcconfig */;
			buildSettings = {
				ALWAYS_EMBED_SWIFT_STANDARD_LIBRARIES = YES;
				INFOPLIST_FILE = ViewUITests/Info.plist;
				LD_RUNPATH_SEARCH_PATHS = "$(inherited) @executable_path/Frameworks @loader_path/Frameworks";
				PRODUCT_BUNDLE_IDENTIFIER = com.ConnectiveLab.ViewUITests;
				PRODUCT_NAME = "$(TARGET_NAME)";
				SWIFT_VERSION = 3.0;
				TEST_TARGET_NAME = View;
			};
			name = Release;
		};
/* End XCBuildConfiguration section */

/* Begin XCConfigurationList section */
		FB933D751D9ABB3800DBBF10 /* Build configuration list for PBXProject "View" */ = {
			isa = XCConfigurationList;
			buildConfigurations = (
				FB933DA01D9ABB3800DBBF10 /* Debug */,
				FB933DA11D9ABB3800DBBF10 /* Release */,
			);
			defaultConfigurationIsVisible = 0;
			defaultConfigurationName = Release;
		};
		FB933DA21D9ABB3800DBBF10 /* Build configuration list for PBXNativeTarget "View" */ = {
			isa = XCConfigurationList;
			buildConfigurations = (
				FB933DA31D9ABB3800DBBF10 /* Debug */,
				FB933DA41D9ABB3800DBBF10 /* Release */,
			);
			defaultConfigurationIsVisible = 0;
			defaultConfigurationName = Release;
		};
		FB933DA51D9ABB3800DBBF10 /* Build configuration list for PBXNativeTarget "ViewTests" */ = {
			isa = XCConfigurationList;
			buildConfigurations = (
				FB933DA61D9ABB3800DBBF10 /* Debug */,
				FB933DA71D9ABB3800DBBF10 /* Release */,
			);
			defaultConfigurationIsVisible = 0;
			defaultConfigurationName = Release;
		};
		FB933DA81D9ABB3800DBBF10 /* Build configuration list for PBXNativeTarget "ViewUITests" */ = {
			isa = XCConfigurationList;
			buildConfigurations = (
				FB933DA91D9ABB3800DBBF10 /* Debug */,
				FB933DAA1D9ABB3800DBBF10 /* Release */,
			);
			defaultConfigurationIsVisible = 0;
			defaultConfigurationName = Release;
		};
/* End XCConfigurationList section */
	};
	rootObject = FB933D721D9ABB3800DBBF10 /* Project object */;
}
